
Microsoft Visual Studio Solution File, Format Version 12.00
# Visual Studio 2012
Project("{FAE04EC0-301F-11D3-BF4B-00C04F79EFBC}") = "MakeTiff", "MakeTiff.csproj", "{28949FBB-64B8-4FFD-9532-FE3A3331E2A4}"
EndProject
Global
	GlobalSection(SolutionConfigurationPlatforms) = preSolution
		Debug|Any CPU = Debug|Any CPU
		Release|Any CPU = Release|Any CPU
	EndGlobalSection
	GlobalSection(ProjectConfigurationPlatforms) = postSolution
		{28949FBB-64B8-4FFD-9532-FE3A3331E2A4}.Debug|Any CPU.ActiveCfg = Debug|Any CPU
		{28949FBB-64B8-4FFD-9532-FE3A3331E2A4}.Debug|Any CPU.Build.0 = Debug|Any CPU
		{28949FBB-64B8-4FFD-9532-FE3A3331E2A4}.Release|Any CPU.ActiveCfg = Release|Any CPU
		{28949FBB-64B8-4FFD-9532-FE3A3331E2A4}.Release|Any CPU.Build.0 = Release|Any CPU
	EndGlobalSection
	GlobalSection(SolutionProperties) = preSolution
		HideSolutionNode = FALSE
	EndGlobalSection
EndGlobal
